
Microsoft Visual Studio Solution File, Format Version 12.00
# Visual Studio Version 17
VisualStudioVersion = 17.0.32112.339
MinimumVisualStudioVersion = 10.0.40219.1
Project("{FAE04EC0-301F-11D3-BF4B-00C04F79EFBC}") = "TicTacToe", "TicTacToe\TicTacToe.csproj", "{728DE42F-09BF-47E5-98DF-C4D4F1BD25CB}"
EndProject
Global
	GlobalSection(SolutionConfigurationPlatforms) = preSolution
		Debug|Any CPU = Debug|Any CPU
		Release|Any CPU = Release|Any CPU
	EndGlobalSection
	GlobalSection(ProjectConfigurationPlatforms) = postSolution
		{728DE42F-09BF-47E5-98DF-C4D4F1BD25CB}.Debug|Any CPU.ActiveCfg = Debug|Any CPU
		{728DE42F-09BF-47E5-98DF-C4D4F1BD25CB}.Debug|Any CPU.Build.0 = Debug|Any CPU
		{728DE42F-09BF-47E5-98DF-C4D4F1BD25CB}.Release|Any CPU.ActiveCfg = Release|Any CPU
		{728DE42F-09BF-47E5-98DF-C4D4F1BD25CB}.Release|Any CPU.Build.0 = Release|Any CPU
	EndGlobalSection
	GlobalSection(SolutionProperties) = preSolution
		HideSolutionNode = FALSE
	EndGlobalSection
	GlobalSection(ExtensibilityGlobals) = postSolution
		SolutionGuid = {F168BBE3-150E-409F-827E-AC29CFB111B5}
	EndGlobalSection
EndGlobal
